
Microsoft Visual Studio Solution File, Format Version 12.00
# Visual Studio Version 17
VisualStudioVersion = 17.2.32602.215
MinimumVisualStudioVersion = 10.0.40219.1
Project("{FAE04EC0-301F-11D3-BF4B-00C04F79EFBC}") = "MySCADA", "MySCADA\MySCADA.csproj", "{59F1174A-99CE-46C8-8806-72AC33D28BC5}"
EndProject
Global
	GlobalSection(SolutionConfigurationPlatforms) = preSolution
		Debug|Any CPU = Debug|Any CPU
		Release|Any CPU = Release|Any CPU
	EndGlobalSection
	GlobalSection(ProjectConfigurationPlatforms) = postSolution
		{59F1174A-99CE-46C8-8806-72AC33D28BC5}.Debug|Any CPU.ActiveCfg = Debug|Any CPU
		{59F1174A-99CE-46C8-8806-72AC33D28BC5}.Debug|Any CPU.Build.0 = Debug|Any CPU
		{59F1174A-99CE-46C8-8806-72AC33D28BC5}.Release|Any CPU.ActiveCfg = Release|Any CPU
		{59F1174A-99CE-46C8-8806-72AC33D28BC5}.Release|Any CPU.Build.0 = Release|Any CPU
	EndGlobalSection
	GlobalSection(SolutionProperties) = preSolution
		HideSolutionNode = FALSE
	EndGlobalSection
	GlobalSection(ExtensibilityGlobals) = postSolution
		SolutionGuid = {DEB78A1B-4712-4C5A-90A7-AEA0DB6007E4}
	EndGlobalSection
EndGlobal
